
Microsoft Visual Studio Solution File, Format Version 12.00
# Visual Studio Version 16
VisualStudioVersion = 16.0.28922.388
MinimumVisualStudioVersion = 10.0.40219.1
Project("{A07B5EB6-E848-4116-A8D0-A826331D98C6}") = "Reifnir.Microservice.Acquisition", "Reifnir.Microservice.Acquisition\Reifnir.Microservice.Acquisition.sfproj", "{BBEE16EE-01DB-48E0-8620-021AFFDC5EB3}"
EndProject
Project("{9A19103F-16F7-4668-BE54-9A1E7A4F7556}") = "Reifnir.Manager.Acquisition.Service", "Reifnir.Manager.Acquisition.Service\Reifnir.Manager.Acquisition.Service.csproj", "{BE3A7098-3D2C-4BAD-97E9-7BE5C251E505}"
EndProject
Project("{9A19103F-16F7-4668-BE54-9A1E7A4F7556}") = "Reifnir.Manager.Acquisition.Interface", "Reifnir.Manager.Acquisition.Interface\Reifnir.Manager.Acquisition.Interface.csproj", "{1300C609-FA6D-4448-9271-2E472EE58745}"
EndProject
Project("{9A19103F-16F7-4668-BE54-9A1E7A4F7556}") = "Reifnir.Client.Test", "Reifnir.Client.Test\Reifnir.Client.Test.csproj", "{0CE1E826-3681-4AE5-8995-B597033D931F}"
EndProject
Project("{FAE04EC0-301F-11D3-BF4B-00C04F79EFBC}") = "Reifnir.Engine.Formatting.Service", "Reifnir.Engine.Formatting.Service\Reifnir.Engine.Formatting.Service.csproj", "{0A84A407-FD5D-4066-96A4-F45D7C6ABD97}"
EndProject
Project("{FAE04EC0-301F-11D3-BF4B-00C04F79EFBC}") = "Reifnir.Engine.Formatting.Interface", "Reifnir.Engine.Formatting.Interface\Reifnir.Engine.Formatting.Interface.csproj", "{31EF8EAB-AED3-43CD-858A-02E56BB261A4}"
EndProject
Project("{2150E333-8FDC-42A3-9474-1A3956D46DE8}") = "Engines", "Engines", "{CD20E625-54A8-489E-8E34-BD988119141A}"
EndProject
Global
	GlobalSection(SolutionConfigurationPlatforms) = preSolution
		Debug|Any CPU = Debug|Any CPU
		Debug|x64 = Debug|x64
		Release|Any CPU = Release|Any CPU
		Release|x64 = Release|x64
	EndGlobalSection
	GlobalSection(ProjectConfigurationPlatforms) = postSolution
		{BBEE16EE-01DB-48E0-8620-021AFFDC5EB3}.Debug|Any CPU.ActiveCfg = Debug|x64
		{BBEE16EE-01DB-48E0-8620-021AFFDC5EB3}.Debug|x64.ActiveCfg = Debug|x64
		{BBEE16EE-01DB-48E0-8620-021AFFDC5EB3}.Debug|x64.Build.0 = Debug|x64
		{BBEE16EE-01DB-48E0-8620-021AFFDC5EB3}.Debug|x64.Deploy.0 = Debug|x64
		{BBEE16EE-01DB-48E0-8620-021AFFDC5EB3}.Release|Any CPU.ActiveCfg = Release|x64
		{BBEE16EE-01DB-48E0-8620-021AFFDC5EB3}.Release|x64.ActiveCfg = Release|x64
		{BBEE16EE-01DB-48E0-8620-021AFFDC5EB3}.Release|x64.Build.0 = Release|x64
		{BBEE16EE-01DB-48E0-8620-021AFFDC5EB3}.Release|x64.Deploy.0 = Release|x64
		{BE3A7098-3D2C-4BAD-97E9-7BE5C251E505}.Debug|Any CPU.ActiveCfg = Debug|Any CPU
		{BE3A7098-3D2C-4BAD-97E9-7BE5C251E505}.Debug|Any CPU.Build.0 = Debug|Any CPU
		{BE3A7098-3D2C-4BAD-97E9-7BE5C251E505}.Debug|x64.ActiveCfg = Debug|Any CPU
		{BE3A7098-3D2C-4BAD-97E9-7BE5C251E505}.Debug|x64.Build.0 = Debug|Any CPU
		{BE3A7098-3D2C-4BAD-97E9-7BE5C251E505}.Release|Any CPU.ActiveCfg = Release|Any CPU
		{BE3A7098-3D2C-4BAD-97E9-7BE5C251E505}.Release|Any CPU.Build.0 = Release|Any CPU
		{BE3A7098-3D2C-4BAD-97E9-7BE5C251E505}.Release|x64.ActiveCfg = Release|Any CPU
		{BE3A7098-3D2C-4BAD-97E9-7BE5C251E505}.Release|x64.Build.0 = Release|Any CPU
		{1300C609-FA6D-4448-9271-2E472EE58745}.Debug|Any CPU.ActiveCfg = Debug|Any CPU
		{1300C609-FA6D-4448-9271-2E472EE58745}.Debug|Any CPU.Build.0 = Debug|Any CPU
		{1300C609-FA6D-4448-9271-2E472EE58745}.Debug|x64.ActiveCfg = Debug|Any CPU
		{1300C609-FA6D-4448-9271-2E472EE58745}.Debug|x64.Build.0 = Debug|Any CPU
		{1300C609-FA6D-4448-9271-2E472EE58745}.Release|Any CPU.ActiveCfg = Release|Any CPU
		{1300C609-FA6D-4448-9271-2E472EE58745}.Release|Any CPU.Build.0 = Release|Any CPU
		{1300C609-FA6D-4448-9271-2E472EE58745}.Release|x64.ActiveCfg = Release|Any CPU
		{1300C609-FA6D-4448-9271-2E472EE58745}.Release|x64.Build.0 = Release|Any CPU
		{0CE1E826-3681-4AE5-8995-B597033D931F}.Debug|Any CPU.ActiveCfg = Debug|Any CPU
		{0CE1E826-3681-4AE5-8995-B597033D931F}.Debug|Any CPU.Build.0 = Debug|Any CPU
		{0CE1E826-3681-4AE5-8995-B597033D931F}.Debug|x64.ActiveCfg = Debug|Any CPU
		{0CE1E826-3681-4AE5-8995-B597033D931F}.Debug|x64.Build.0 = Debug|Any CPU
		{0CE1E826-3681-4AE5-8995-B597033D931F}.Release|Any CPU.ActiveCfg = Release|Any CPU
		{0CE1E826-3681-4AE5-8995-B597033D931F}.Release|Any CPU.Build.0 = Release|Any CPU
		{0CE1E826-3681-4AE5-8995-B597033D931F}.Release|x64.ActiveCfg = Release|Any CPU
		{0CE1E826-3681-4AE5-8995-B597033D931F}.Release|x64.Build.0 = Release|Any CPU
		{0A84A407-FD5D-4066-96A4-F45D7C6ABD97}.Debug|Any CPU.ActiveCfg = Debug|Any CPU
		{0A84A407-FD5D-4066-96A4-F45D7C6ABD97}.Debug|Any CPU.Build.0 = Debug|Any CPU
		{0A84A407-FD5D-4066-96A4-F45D7C6ABD97}.Debug|x64.ActiveCfg = Debug|Any CPU
		{0A84A407-FD5D-4066-96A4-F45D7C6ABD97}.Debug|x64.Build.0 = Debug|Any CPU
		{0A84A407-FD5D-4066-96A4-F45D7C6ABD97}.Release|Any CPU.ActiveCfg = Release|Any CPU
		{0A84A407-FD5D-4066-96A4-F45D7C6ABD97}.Release|Any CPU.Build.0 = Release|Any CPU
		{0A84A407-FD5D-4066-96A4-F45D7C6ABD97}.Release|x64.ActiveCfg = Release|Any CPU
		{0A84A407-FD5D-4066-96A4-F45D7C6ABD97}.Release|x64.Build.0 = Release|Any CPU
		{31EF8EAB-AED3-43CD-858A-02E56BB261A4}.Debug|Any CPU.ActiveCfg = Debug|Any CPU
		{31EF8EAB-AED3-43CD-858A-02E56BB261A4}.Debug|Any CPU.Build.0 = Debug|Any CPU
		{31EF8EAB-AED3-43CD-858A-02E56BB261A4}.Debug|x64.ActiveCfg = Debug|Any CPU
		{31EF8EAB-AED3-43CD-858A-02E56BB261A4}.Debug|x64.Build.0 = Debug|Any CPU
		{31EF8EAB-AED3-43CD-858A-02E56BB261A4}.Release|Any CPU.ActiveCfg = Release|Any CPU
		{31EF8EAB-AED3-43CD-858A-02E56BB261A4}.Release|Any CPU.Build.0 = Release|Any CPU
		{31EF8EAB-AED3-43CD-858A-02E56BB261A4}.Release|x64.ActiveCfg = Release|Any CPU
		{31EF8EAB-AED3-43CD-858A-02E56BB261A4}.Release|x64.Build.0 = Release|Any CPU
	EndGlobalSection
	GlobalSection(SolutionProperties) = preSolution
		HideSolutionNode = FALSE
	EndGlobalSection
	GlobalSection(ExtensibilityGlobals) = postSolution
		SolutionGuid = {2942F479-D3ED-4C47-95B4-2BEC267DB3BB}
	EndGlobalSection
EndGlobal
