
Microsoft Visual Studio Solution File, Format Version 12.00
# Visual Studio Version 16
VisualStudioVersion = 16.0.28922.388
MinimumVisualStudioVersion = 10.0.40219.1
Project("{A07B5EB6-E848-4116-A8D0-A826331D98C6}") = "Reifnir.Microservice.Acquisition", "Reifnir.Microservice.Acquisition\Reifnir.Microservice.Acquisition.sfproj", "{A110F608-0F90-424E-9976-C6E943A47522}"
EndProject
Project("{FAE04EC0-301F-11D3-BF4B-00C04F79EFBC}") = "Reifnir.Manager.Acquisition", "Reifnir.Manager.Acquisition\Reifnir.Manager.Acquisition.csproj", "{ED0A4B0A-39C8-49DE-A532-7F684CC95525}"
EndProject
Global
	GlobalSection(SolutionConfigurationPlatforms) = preSolution
		Debug|Any CPU = Debug|Any CPU
		Debug|x64 = Debug|x64
		Release|Any CPU = Release|Any CPU
		Release|x64 = Release|x64
	EndGlobalSection
	GlobalSection(ProjectConfigurationPlatforms) = postSolution
		{A110F608-0F90-424E-9976-C6E943A47522}.Debug|Any CPU.ActiveCfg = Debug|x64
		{A110F608-0F90-424E-9976-C6E943A47522}.Debug|x64.ActiveCfg = Debug|x64
		{A110F608-0F90-424E-9976-C6E943A47522}.Debug|x64.Build.0 = Debug|x64
		{A110F608-0F90-424E-9976-C6E943A47522}.Debug|x64.Deploy.0 = Debug|x64
		{A110F608-0F90-424E-9976-C6E943A47522}.Release|Any CPU.ActiveCfg = Release|x64
		{A110F608-0F90-424E-9976-C6E943A47522}.Release|x64.ActiveCfg = Release|x64
		{A110F608-0F90-424E-9976-C6E943A47522}.Release|x64.Build.0 = Release|x64
		{A110F608-0F90-424E-9976-C6E943A47522}.Release|x64.Deploy.0 = Release|x64
		{ED0A4B0A-39C8-49DE-A532-7F684CC95525}.Debug|Any CPU.ActiveCfg = Debug|Any CPU
		{ED0A4B0A-39C8-49DE-A532-7F684CC95525}.Debug|Any CPU.Build.0 = Debug|Any CPU
		{ED0A4B0A-39C8-49DE-A532-7F684CC95525}.Debug|x64.ActiveCfg = Debug|Any CPU
		{ED0A4B0A-39C8-49DE-A532-7F684CC95525}.Debug|x64.Build.0 = Debug|Any CPU
		{ED0A4B0A-39C8-49DE-A532-7F684CC95525}.Release|Any CPU.ActiveCfg = Release|Any CPU
		{ED0A4B0A-39C8-49DE-A532-7F684CC95525}.Release|Any CPU.Build.0 = Release|Any CPU
		{ED0A4B0A-39C8-49DE-A532-7F684CC95525}.Release|x64.ActiveCfg = Release|Any CPU
		{ED0A4B0A-39C8-49DE-A532-7F684CC95525}.Release|x64.Build.0 = Release|Any CPU
	EndGlobalSection
	GlobalSection(SolutionProperties) = preSolution
		HideSolutionNode = FALSE
	EndGlobalSection
	GlobalSection(ExtensibilityGlobals) = postSolution
		SolutionGuid = {AB1D3F86-6D8B-4FD1-BDEC-CD22382760AE}
	EndGlobalSection
EndGlobal
